
Microsoft Visual Studio Solution File, Format Version 10.00
# Visual C# Express 2008
Project("{FAE04EC0-301F-11D3-BF4B-00C04F79EFBC}") = "OpcodesParser", "OpcodesParser\OpcodesParser.csproj", "{D731ECC0-A5F9-47E2-9674-80525BCA9309}"
EndProject
Global
	GlobalSection(SolutionConfigurationPlatforms) = preSolution
		Debug|Any CPU = Debug|Any CPU
		Release|Any CPU = Release|Any CPU
	EndGlobalSection
	GlobalSection(ProjectConfigurationPlatforms) = postSolution
		{D731ECC0-A5F9-47E2-9674-80525BCA9309}.Debug|Any CPU.ActiveCfg = Debug|Any CPU
		{D731ECC0-A5F9-47E2-9674-80525BCA9309}.Debug|Any CPU.Build.0 = Debug|Any CPU
		{D731ECC0-A5F9-47E2-9674-80525BCA9309}.Release|Any CPU.ActiveCfg = Release|Any CPU
		{D731ECC0-A5F9-47E2-9674-80525BCA9309}.Release|Any CPU.Build.0 = Release|Any CPU
	EndGlobalSection
	GlobalSection(SolutionProperties) = preSolution
		HideSolutionNode = FALSE
	EndGlobalSection
EndGlobal
